PODS:
  - CalendarKit (0.13.13):
    - DateToolsSwift
  - DateToolsSwift (5.0.0)

DEPENDENCIES:
  - CalendarKit

SPEC REPOS:
  trunk:
    - CalendarKit
    - DateToolsSwift

SPEC CHECKSUMS:
  CalendarKit: 54944443a5cbd633a533b971408b00e879f54a7d
  DateToolsSwift: 4207ada6ad615d8dc076323d27037c94916dbfa6

PODFILE CHECKSUM: 033fec22b3a1d9c741f2205ace21d54b934d084f

COCOAPODS: 1.9.3
